
Microsoft Visual Studio Solution File, Format Version 12.00
# Visual Studio Version 16
VisualStudioVersion = 16.0.31019.35
MinimumVisualStudioVersion = 10.0.40219.1
Project("{FAE04EC0-301F-11D3-BF4B-00C04F79EFBC}") = "TRPO.Parking.ConsoleApp", "TRPO.Parking.ConsoleApp\TRPO.Parking.ConsoleApp.csproj", "{6A1A4E15-6878-4A2F-859C-1F8ECF910D12}"
EndProject
Project("{2150E333-8FDC-42A3-9474-1A3956D46DE8}") = "PL", "PL", "{B84C97A8-FAEC-4623-904C-5F1A14E45283}"
EndProject
Project("{FAE04EC0-301F-11D3-BF4B-00C04F79EFBC}") = "TRPO.Parking.MobileApp.Android", "TRPO.Parking.MobileApp\TRPO.Parking.MobileApp.Android\TRPO.Parking.MobileApp.Android.csproj", "{03FBA92D-1D23-481E-96F6-57597CE6259C}"
EndProject
Project("{FAE04EC0-301F-11D3-BF4B-00C04F79EFBC}") = "TRPO.Parking.MobileApp", "TRPO.Parking.MobileApp\TRPO.Parking.MobileApp\TRPO.Parking.MobileApp.csproj", "{59A46CB2-72AE-43BB-9818-96B211F09407}"
EndProject
Global
	GlobalSection(SolutionConfigurationPlatforms) = preSolution
		Debug|Any CPU = Debug|Any CPU
		Release|Any CPU = Release|Any CPU
	EndGlobalSection
	GlobalSection(ProjectConfigurationPlatforms) = postSolution
		{6A1A4E15-6878-4A2F-859C-1F8ECF910D12}.Debug|Any CPU.ActiveCfg = Debug|Any CPU
		{6A1A4E15-6878-4A2F-859C-1F8ECF910D12}.Debug|Any CPU.Build.0 = Debug|Any CPU
		{6A1A4E15-6878-4A2F-859C-1F8ECF910D12}.Release|Any CPU.ActiveCfg = Release|Any CPU
		{6A1A4E15-6878-4A2F-859C-1F8ECF910D12}.Release|Any CPU.Build.0 = Release|Any CPU
		{03FBA92D-1D23-481E-96F6-57597CE6259C}.Debug|Any CPU.ActiveCfg = Debug|Any CPU
		{03FBA92D-1D23-481E-96F6-57597CE6259C}.Debug|Any CPU.Build.0 = Debug|Any CPU
		{03FBA92D-1D23-481E-96F6-57597CE6259C}.Debug|Any CPU.Deploy.0 = Debug|Any CPU
		{03FBA92D-1D23-481E-96F6-57597CE6259C}.Release|Any CPU.ActiveCfg = Release|Any CPU
		{03FBA92D-1D23-481E-96F6-57597CE6259C}.Release|Any CPU.Build.0 = Release|Any CPU
		{03FBA92D-1D23-481E-96F6-57597CE6259C}.Release|Any CPU.Deploy.0 = Release|Any CPU
		{59A46CB2-72AE-43BB-9818-96B211F09407}.Debug|Any CPU.ActiveCfg = Debug|Any CPU
		{59A46CB2-72AE-43BB-9818-96B211F09407}.Debug|Any CPU.Build.0 = Debug|Any CPU
		{59A46CB2-72AE-43BB-9818-96B211F09407}.Release|Any CPU.ActiveCfg = Release|Any CPU
		{59A46CB2-72AE-43BB-9818-96B211F09407}.Release|Any CPU.Build.0 = Release|Any CPU
	EndGlobalSection
	GlobalSection(SolutionProperties) = preSolution
		HideSolutionNode = FALSE
	EndGlobalSection
	GlobalSection(NestedProjects) = preSolution
		{6A1A4E15-6878-4A2F-859C-1F8ECF910D12} = {B84C97A8-FAEC-4623-904C-5F1A14E45283}
		{03FBA92D-1D23-481E-96F6-57597CE6259C} = {B84C97A8-FAEC-4623-904C-5F1A14E45283}
		{59A46CB2-72AE-43BB-9818-96B211F09407} = {B84C97A8-FAEC-4623-904C-5F1A14E45283}
	EndGlobalSection
	GlobalSection(ExtensibilityGlobals) = postSolution
		SolutionGuid = {C86C272D-7895-48E9-B5CC-C77932E2D616}
	EndGlobalSection
EndGlobal
