
Microsoft Visual Studio Solution File, Format Version 12.00
# Visual Studio Version 16
VisualStudioVersion = 16.0.31019.35
MinimumVisualStudioVersion = 10.0.40219.1
Project("{FAE04EC0-301F-11D3-BF4B-00C04F79EFBC}") = "TRPO.Parking.ConsoleApp", "TRPO.Parking.ConsoleApp\TRPO.Parking.ConsoleApp.csproj", "{6A1A4E15-6878-4A2F-859C-1F8ECF910D12}"
EndProject
Project("{2150E333-8FDC-42A3-9474-1A3956D46DE8}") = "PL", "PL", "{8F58814D-904D-4F1D-BE2D-E9BEF11274C0}"
EndProject
Project("{2150E333-8FDC-42A3-9474-1A3956D46DE8}") = "DAL", "DAL", "{FDE43108-5AE9-47BD-9EF4-9AB129AC5239}"
EndProject
Project("{FAE04EC0-301F-11D3-BF4B-00C04F79EFBC}") = "TRPO.Parking.Repositories", "TRPO.Parking.Repositories\TRPO.Parking.Repositories.csproj", "{570B696B-75AB-4613-B11D-93BF5317996A}"
EndProject
Project("{2150E333-8FDC-42A3-9474-1A3956D46DE8}") = "BLL", "BLL", "{60872320-AB6C-454C-ABAA-56D0D88D22B8}"
EndProject
Project("{FAE04EC0-301F-11D3-BF4B-00C04F79EFBC}") = "TRPO.Parking.Logic", "TRPO.Parking.Logic\TRPO.Parking.Logic.csproj", "{AEE747F8-821E-4F8D-AF4F-5ABB5B709433}"
EndProject
Global
	GlobalSection(SolutionConfigurationPlatforms) = preSolution
		Debug|Any CPU = Debug|Any CPU
		Release|Any CPU = Release|Any CPU
	EndGlobalSection
	GlobalSection(ProjectConfigurationPlatforms) = postSolution
		{6A1A4E15-6878-4A2F-859C-1F8ECF910D12}.Debug|Any CPU.ActiveCfg = Debug|Any CPU
		{6A1A4E15-6878-4A2F-859C-1F8ECF910D12}.Debug|Any CPU.Build.0 = Debug|Any CPU
		{6A1A4E15-6878-4A2F-859C-1F8ECF910D12}.Release|Any CPU.ActiveCfg = Release|Any CPU
		{6A1A4E15-6878-4A2F-859C-1F8ECF910D12}.Release|Any CPU.Build.0 = Release|Any CPU
		{570B696B-75AB-4613-B11D-93BF5317996A}.Debug|Any CPU.ActiveCfg = Debug|Any CPU
		{570B696B-75AB-4613-B11D-93BF5317996A}.Debug|Any CPU.Build.0 = Debug|Any CPU
		{570B696B-75AB-4613-B11D-93BF5317996A}.Release|Any CPU.ActiveCfg = Release|Any CPU
		{570B696B-75AB-4613-B11D-93BF5317996A}.Release|Any CPU.Build.0 = Release|Any CPU
		{AEE747F8-821E-4F8D-AF4F-5ABB5B709433}.Debug|Any CPU.ActiveCfg = Debug|Any CPU
		{AEE747F8-821E-4F8D-AF4F-5ABB5B709433}.Debug|Any CPU.Build.0 = Debug|Any CPU
		{AEE747F8-821E-4F8D-AF4F-5ABB5B709433}.Release|Any CPU.ActiveCfg = Release|Any CPU
		{AEE747F8-821E-4F8D-AF4F-5ABB5B709433}.Release|Any CPU.Build.0 = Release|Any CPU
	EndGlobalSection
	GlobalSection(SolutionProperties) = preSolution
		HideSolutionNode = FALSE
	EndGlobalSection
	GlobalSection(NestedProjects) = preSolution
		{6A1A4E15-6878-4A2F-859C-1F8ECF910D12} = {8F58814D-904D-4F1D-BE2D-E9BEF11274C0}
		{570B696B-75AB-4613-B11D-93BF5317996A} = {FDE43108-5AE9-47BD-9EF4-9AB129AC5239}
		{AEE747F8-821E-4F8D-AF4F-5ABB5B709433} = {60872320-AB6C-454C-ABAA-56D0D88D22B8}
	EndGlobalSection
	GlobalSection(ExtensibilityGlobals) = postSolution
		SolutionGuid = {C86C272D-7895-48E9-B5CC-C77932E2D616}
	EndGlobalSection
EndGlobal
